
Microsoft Visual Studio Solution File, Format Version 12.00
# Visual Studio Version 17
VisualStudioVersion = 17.11.35222.181
MinimumVisualStudioVersion = 10.0.40219.1
Project("{FAE04EC0-301F-11D3-BF4B-00C04F79EFBC}") = "LearningLog2024", "LearningLog2024\LearningLog2024.csproj", "{9FA6457B-06E4-43A7-A935-1D9B96CF3550}"
EndProject
Global
	GlobalSection(SolutionConfigurationPlatforms) = preSolution
		Debug|Any CPU = Debug|Any CPU
		Release|Any CPU = Release|Any CPU
	EndGlobalSection
	GlobalSection(ProjectConfigurationPlatforms) = postSolution
		{9FA6457B-06E4-43A7-A935-1D9B96CF3550}.Debug|Any CPU.ActiveCfg = Debug|Any CPU
		{9FA6457B-06E4-43A7-A935-1D9B96CF3550}.Debug|Any CPU.Build.0 = Debug|Any CPU
		{9FA6457B-06E4-43A7-A935-1D9B96CF3550}.Release|Any CPU.ActiveCfg = Release|Any CPU
		{9FA6457B-06E4-43A7-A935-1D9B96CF3550}.Release|Any CPU.Build.0 = Release|Any CPU
	EndGlobalSection
	GlobalSection(SolutionProperties) = preSolution
		HideSolutionNode = FALSE
	EndGlobalSection
	GlobalSection(ExtensibilityGlobals) = postSolution
		SolutionGuid = {768AFC50-0FE0-412B-8301-674971B4E129}
	EndGlobalSection
EndGlobal
